
Microsoft Visual Studio Solution File, Format Version 12.00
# Visual Studio Version 17
VisualStudioVersion = 17.5.33502.453
MinimumVisualStudioVersion = 10.0.40219.1
Project("{8BC9CEB8-8B4A-11D0-8D11-00A0C91BC942}") = "SandBox", "SandBox\SandBox.vcxproj", "{8E499559-C124-46D1-9819-A3EC2492F8CA}"
EndProject
Project("{8BC9CEB8-8B4A-11D0-8D11-00A0C91BC942}") = "Hazel", "Hazel\Hazel.vcxproj", "{3B121C05-74EF-479A-9512-09D649D4EDBC}"
EndProject
Global
	GlobalSection(SolutionConfigurationPlatforms) = preSolution
		Debug|x64 = Debug|x64
		Release|x64 = Release|x64
	EndGlobalSection
	GlobalSection(ProjectConfigurationPlatforms) = postSolution
		{8E499559-C124-46D1-9819-A3EC2492F8CA}.Debug|x64.ActiveCfg = Debug|x64
		{8E499559-C124-46D1-9819-A3EC2492F8CA}.Debug|x64.Build.0 = Debug|x64
		{8E499559-C124-46D1-9819-A3EC2492F8CA}.Release|x64.ActiveCfg = Release|x64
		{8E499559-C124-46D1-9819-A3EC2492F8CA}.Release|x64.Build.0 = Release|x64
		{3B121C05-74EF-479A-9512-09D649D4EDBC}.Debug|x64.ActiveCfg = Debug|x64
		{3B121C05-74EF-479A-9512-09D649D4EDBC}.Debug|x64.Build.0 = Debug|x64
		{3B121C05-74EF-479A-9512-09D649D4EDBC}.Release|x64.ActiveCfg = Release|x64
		{3B121C05-74EF-479A-9512-09D649D4EDBC}.Release|x64.Build.0 = Release|x64
	EndGlobalSection
	GlobalSection(SolutionProperties) = preSolution
		HideSolutionNode = FALSE
	EndGlobalSection
	GlobalSection(ExtensibilityGlobals) = postSolution
		SolutionGuid = {86C85B05-B2EB-4A0A-9883-AE6D16087D90}
	EndGlobalSection
EndGlobal
